
Microsoft Visual Studio Solution File, Format Version 12.00
# Visual Studio Version 16
VisualStudioVersion = 16.0.30804.86
MinimumVisualStudioVersion = 10.0.40219.1
Project("{9A19103F-16F7-4668-BE54-9A1E7A4F7556}") = "SuperFinance", "src\SuperFinance\SuperFinance.csproj", "{38643ABF-70FD-44C2-8895-B5581E695195}"
EndProject
Global
	GlobalSection(SolutionConfigurationPlatforms) = preSolution
		Debug|Any CPU = Debug|Any CPU
		Release|Any CPU = Release|Any CPU
	EndGlobalSection
	GlobalSection(ProjectConfigurationPlatforms) = postSolution
		{38643ABF-70FD-44C2-8895-B5581E695195}.Debug|Any CPU.ActiveCfg = Debug|Any CPU
		{38643ABF-70FD-44C2-8895-B5581E695195}.Debug|Any CPU.Build.0 = Debug|Any CPU
		{38643ABF-70FD-44C2-8895-B5581E695195}.Release|Any CPU.ActiveCfg = Release|Any CPU
		{38643ABF-70FD-44C2-8895-B5581E695195}.Release|Any CPU.Build.0 = Release|Any CPU
	EndGlobalSection
	GlobalSection(SolutionProperties) = preSolution
		HideSolutionNode = FALSE
	EndGlobalSection
	GlobalSection(ExtensibilityGlobals) = postSolution
		SolutionGuid = {1C19C8D9-F4C3-40E6-9228-369F62182241}
	EndGlobalSection
EndGlobal
